
Microsoft Visual Studio Solution File, Format Version 12.00
# Visual Studio Version 17
VisualStudioVersion = 17.7.34031.279
MinimumVisualStudioVersion = 10.0.40219.1
Project("{8BC9CEB8-8B4A-11D0-8D11-00A0C91BC942}") = "PDS_12", "PDS_12\PDS_12.vcxproj", "{7F32DE4B-DE7E-45DE-9448-2C2F3F34A8E1}"
EndProject
Project("{8BC9CEB8-8B4A-11D0-8D11-00A0C91BC942}") = "UnitTest1", "UnitTest1\UnitTest1.vcxproj", "{CFF803AD-2C98-4555-88AB-472EB502BFE4}"
EndProject
Global
	GlobalSection(SolutionConfigurationPlatforms) = preSolution
		Debug|x64 = Debug|x64
		Debug|x86 = Debug|x86
		Release|x64 = Release|x64
		Release|x86 = Release|x86
	EndGlobalSection
	GlobalSection(ProjectConfigurationPlatforms) = postSolution
		{7F32DE4B-DE7E-45DE-9448-2C2F3F34A8E1}.Debug|x64.ActiveCfg = Debug|x64
		{7F32DE4B-DE7E-45DE-9448-2C2F3F34A8E1}.Debug|x64.Build.0 = Debug|x64
		{7F32DE4B-DE7E-45DE-9448-2C2F3F34A8E1}.Debug|x86.ActiveCfg = Debug|Win32
		{7F32DE4B-DE7E-45DE-9448-2C2F3F34A8E1}.Debug|x86.Build.0 = Debug|Win32
		{7F32DE4B-DE7E-45DE-9448-2C2F3F34A8E1}.Release|x64.ActiveCfg = Release|x64
		{7F32DE4B-DE7E-45DE-9448-2C2F3F34A8E1}.Release|x64.Build.0 = Release|x64
		{7F32DE4B-DE7E-45DE-9448-2C2F3F34A8E1}.Release|x86.ActiveCfg = Release|Win32
		{7F32DE4B-DE7E-45DE-9448-2C2F3F34A8E1}.Release|x86.Build.0 = Release|Win32
		{CFF803AD-2C98-4555-88AB-472EB502BFE4}.Debug|x64.ActiveCfg = Debug|x64
		{CFF803AD-2C98-4555-88AB-472EB502BFE4}.Debug|x64.Build.0 = Debug|x64
		{CFF803AD-2C98-4555-88AB-472EB502BFE4}.Debug|x86.ActiveCfg = Debug|Win32
		{CFF803AD-2C98-4555-88AB-472EB502BFE4}.Debug|x86.Build.0 = Debug|Win32
		{CFF803AD-2C98-4555-88AB-472EB502BFE4}.Release|x64.ActiveCfg = Release|x64
		{CFF803AD-2C98-4555-88AB-472EB502BFE4}.Release|x64.Build.0 = Release|x64
		{CFF803AD-2C98-4555-88AB-472EB502BFE4}.Release|x86.ActiveCfg = Release|Win32
		{CFF803AD-2C98-4555-88AB-472EB502BFE4}.Release|x86.Build.0 = Release|Win32
	EndGlobalSection
	GlobalSection(SolutionProperties) = preSolution
		HideSolutionNode = FALSE
	EndGlobalSection
	GlobalSection(ExtensibilityGlobals) = postSolution
		SolutionGuid = {FC8B0815-77F0-4070-A58E-3056D0C36283}
	EndGlobalSection
EndGlobal
